
Microsoft Visual Studio Solution File, Format Version 12.00
# Visual Studio Version 17
VisualStudioVersion = 17.11.35219.272
MinimumVisualStudioVersion = 10.0.40219.1
Project("{FAE04EC0-301F-11D3-BF4B-00C04F79EFBC}") = "MIST353F24FrontEnd", "MIST353F24FrontEnd\MIST353F24FrontEnd.csproj", "{0C043E39-D0BE-414E-B890-6758159A48DA}"
EndProject
Global
	GlobalSection(SolutionConfigurationPlatforms) = preSolution
		Debug|Any CPU = Debug|Any CPU
		Release|Any CPU = Release|Any CPU
	EndGlobalSection
	GlobalSection(ProjectConfigurationPlatforms) = postSolution
		{0C043E39-D0BE-414E-B890-6758159A48DA}.Debug|Any CPU.ActiveCfg = Debug|Any CPU
		{0C043E39-D0BE-414E-B890-6758159A48DA}.Debug|Any CPU.Build.0 = Debug|Any CPU
		{0C043E39-D0BE-414E-B890-6758159A48DA}.Release|Any CPU.ActiveCfg = Release|Any CPU
		{0C043E39-D0BE-414E-B890-6758159A48DA}.Release|Any CPU.Build.0 = Release|Any CPU
	EndGlobalSection
	GlobalSection(SolutionProperties) = preSolution
		HideSolutionNode = FALSE
	EndGlobalSection
	GlobalSection(ExtensibilityGlobals) = postSolution
		SolutionGuid = {F59150D6-3BBB-4705-9DAC-266E8CA9AC99}
	EndGlobalSection
EndGlobal
